PODS:
  - SDWebImage (4.4.0):
    - SDWebImage/Core (= 4.4.0)
  - SDWebImage/Core (4.4.0)
  - SVProgressHUD (2.2.5)
  - YLGIFImage (0.11)

DEPENDENCIES:
  - SDWebImage
  - SVProgressHUD
  - YLGIFImage

SPEC REPOS:
  https://github.com/cocoapods/specs.git:
    - SDWebImage
    - SVProgressHUD
    - YLGIFImage

SPEC CHECKSUMS:
  SDWebImage: b534502786e43dde36dfcaee89356fe6df30e203
  SVProgressHUD: 1428aafac632c1f86f62aa4243ec12008d7a51d6
  YLGIFImage: c0ae132fe80e5282b2762a97d14e23ba71a748ae

PODFILE CHECKSUM: 2e9ba55547822cb902fde4e2b7d99ad0d9eb26b4

COCOAPODS: 1.5.3
